github.com/DATA-DOG/godog v0.7.13 h1:JmgpKcra7Vf3yzI9vPsWyoQRx13tyKziHtXWDCUUgok=
github.com/DATA-DOG/godog v0.7.13/go.mod h1:z2OZ6a3X0/YAKVqLfVzYBwFt3j6uSt3Xrqa7XTtcQE0=
github.com/armon/consul-api v0.0.0-20180202201655-eb2c6b5be1b6/go.mod h1:grANhF5doyWs3UAsr3K4I6qtAmlQcZDesFNEHPZAzj8=
github.com/coreos/etcd v3.3.10+incompatible/go.mod h1:uF7uidLiAD3TWHmW31ZFd/JWoc32PjwdhPthX9715RE=
github.com/coreos/go-etcd v2.0.0+incompatible/go.mod h1:Jez6KQU2B/sWsbdaef3ED8NzMklzPG4d5KIOhIy30Tk=
github.com/coreos/go-semver v0.2.0/go.mod h1:nnelYz7RCh+5ahJtPPxZlU+153eP4D4r3EedlOD2RNk=
github.com/davecgh/go-spew v1.1.1/go.mod h1:J7Y8YcW2NihsgmVo/mv3lAwl/skON4iLHjSsI+c5H38=
github.com/ess/dry v1.0.0 h1:vL2Cw5DGpI9+Ph/Yc/9bvgIIfYUkVYf448Uk7OfiHUE=
github.com/ess/dry v1.0.0/go.mod h1:ONBO4CYuC1L0q8c1pnDJtQwF9H3ZZxKmJtVBVkrU8h0=
github.com/ess/eygo v0.2.1 h1:JELOLxZFALsZpZp1Shmmq0qYSyhIBssic8yMKjA5LIg=
github.com/ess/eygo v0.2.1/go.mod h1:KIXvzJN5zojXnpBBS4eOetjIXIIXUFuI9BPWPZZvzS8=
github.com/ess/eygo v0.3.0 h1:/kOYQzdKse2EMPaF+W/htdQwTi6RePwePI/4Vkwbrr0=
github.com/ess/eygo v0.3.0/go.mod h1:mZcibSJ62+pL8CKVfv6aQTlrY5WJwmbcPMiVwvOkK0s=
github.com/ess/eygo v0.3.1 h1:u2eGIfm+V6VB7fifMGe/6C+jDVz9Uqs9hFM9c66joOU=
github.com/ess/eygo v0.3.1/go.mod h1:mZcibSJ62+pL8CKVfv6aQTlrY5WJwmbcPMiVwvOkK0s=
github.com/ess/fakey v0.0.0-20180221045558-31e52d811bda h1:qMlC85wfs5WDGfromuNWcJlvVbOXoNxQblyHd/2n4zA=
github.com/ess/fakey v0.0.0-20180221045558-31e52d811bda/go.mod h1:dPACLlOHkNgjuj2raallNKNmn5Sx+coz6UIMJirNmxA=
github.com/ess/jamaica v1.0.2 h1:GOGH6t0eW3GsYih3mexAeN6OgDtz3wHTLtXzrpgepM4=
github.com/ess/jamaica v1.0.2/go.mod h1:7FXZfv7Rp8EDwCrjZx+BahXozz5EUklcBEGy5ucbxRY=
github.com/ess/jamaica v1.0.3 h1:R3XizHAqM+JLWsoJvQ/OTIHpzfadsZGEO/bbfuovbXI=
github.com/ess/jamaica v1.0.3/go.mod h1:7FXZfv7Rp8EDwCrjZx+BahXozz5EUklcBEGy5ucbxRY=
github.com/ess/kennel v0.0.4 h1:hiWVATvsnCREmKS14/wt5ya5M9nq9+ehoRtBHXd62FQ=
github.com/ess/kennel v0.0.4/go.mod h1:lTnE9H8OCtOlpf4LSssqu86I8BwJtsTvjGK7DxE/Vxo=
github.com/ess/mockable v0.2.0 h1:No7zjl65GabIES88Ug3cZENnT/6/8+0mfP0rJs+Na08=
github.com/ess/mockable v0.2.0/go.mod h1:wCHZ+MVc6w3L7a/xMUHWTrGOJ9tBPsKVMc/Rf7B0uAQ=
github.com/ess/testscope v1.0.0 h1:Sw6y8UMSs9fFz6YqjC510e80Ee9OHqaU7h5kRn94dhs=
github.com/ess/testscope v1.0.0/go.mod h1:b8Z7TFkGVXZQcxHFfa3/CcL90N6pw0qMK27MR2qMeyA=
github.com/fsnotify/fsnotify v1.4.7 h1:IXs+QLmnXW2CcXuY+8Mzv/fWEsPGWxqefPtCP5CnV9I=
github.com/fsnotify/fsnotify v1.4.7/go.mod h1:jwhsz4b93w/PPRr/qN1Yymfu8t87LnFCMoQvtojpjFo=
github.com/hashicorp/hcl v1.0.0 h1:0Anlzjpi4vEasTeNFn2mLJgTSwt0+6sfsiTG8qcWGx4=
github.com/hashicorp/hcl v1.0.0/go.mod h1:E5yfLk+7swimpb2L/Alb/PJmXilQ/rhwaUYs4T20WEQ=
github.com/magiconair/properties v1.8.0 h1:LLgXmsheXeRoUOBOjtwPQCWIYqM/LU1ayDtDePerRcY=
github.com/magiconair/properties v1.8.0/go.mod h1:PppfXfuXeibc/6YijjN8zIbojt8czPbwD3XqdrwzmxQ=
github.com/mitchellh/mapstructure v1.1.2 h1:fmNYVwqnSfB9mZU6OS2O6GsXM+wcskZDuKQzvN1EDeE=
github.com/mitchellh/mapstructure v1.1.2/go.mod h1:FVVH3fgwuzCH5S8UJGiWEs2h04kUh9fWfEaFds41c1Y=
github.com/pelletier/go-toml v1.2.0 h1:T5zMGML61Wp+FlcbWjRDT7yAxhJNAiPPLOFECq181zc=
github.com/pelletier/go-toml v1.2.0/go.mod h1:5z9KED0ma1S8pY6P1sdut58dfprrGBbd/94hg7ilaic=
github.com/pmezard/go-difflib v1.0.0/go.mod h1:iKH77koFhYxTK1pcRnkKkqfTogsbg7gZNVY4sRDYZ/4=
github.com/spf13/afero v1.1.2/go.mod h1:j4pytiNVoe2o6bmDsKpLACNPDBIoEAkihy7loJ1B0CQ=
github.com/spf13/afero v1.2.2 h1:5jhuqJyZCZf2JRofRvN/nIFgIWNzPa3/Vz8mYylgbWc=
github.com/spf13/afero v1.2.2/go.mod h1:9ZxEEn6pIJ8Rxe320qSDBk6AsU0r9pR7Q4OcevTdifk=
github.com/spf13/cast v1.3.0 h1:oget//CVOEoFewqQxwr0Ej5yjygnqGkvggSE/gB35Q8=
github.com/spf13/cast v1.3.0/go.mod h1:Qx5cxh0v+4UWYiBimWS+eyWzqEqokIECu5etghLkUJE=
github.com/spf13/cobra v0.0.3 h1:ZlrZ4XsMRm04Fr5pSFxBgfND2EBVa1nLpiy1stUsX/8=
github.com/spf13/cobra v0.0.3/go.mod h1:1l0Ry5zgKvJasoi3XT1TypsSe7PqH0Sj9dhYf7v3XqQ=
github.com/spf13/jwalterweatherman v1.0.0 h1:XHEdyB+EcvlqZamSM4ZOMGlc93t6AcsBEu9Gc1vn7yk=
github.com/spf13/jwalterweatherman v1.0.0/go.mod h1:cQK4TGJAtQXfYWX+Ddv3mKDzgVb68N+wFjFa4jdeBTo=
github.com/spf13/pflag v1.0.3 h1:zPAT6CGy6wXeQ7NtTnaTerfKOsV6V6F8agHXFiazDkg=
github.com/spf13/pflag v1.0.3/go.mod h1:DYY7MBk1bdzusC3SYhjObp+wFpr4gzcvqqNjLnInEg4=
github.com/spf13/viper v1.3.2 h1:VUFqw5KcqRf7i70GOzW7N+Q7+gxVBkSSqiXB12+JQ4M=
github.com/spf13/viper v1.3.2/go.mod h1:ZiWeW+zYFKm7srdB9IoDzzZXaJaI5eL9QjNiN/DMA2s=
github.com/stretchr/testify v1.2.2/go.mod h1:a8OnRcib4nhh0OaRAV+Yts87kKdq0PP7pXfy6kDkUVs=
github.com/ugorji/go/codec v0.0.0-20181204163529-d75b2dcb6bc8/go.mod h1:VFNgLljTbGfSG7qAOspJ7OScBnGdDN/yBr0sguwnwf0=
github.com/xordataexchange/crypt v0.0.3-0.20170626215501-b2862e3d0a77/go.mod h1:aYKd//L2LvnjZzWKhF00oedf4jCCReLcmhLdhm1A27Q=
golang.org/x/crypto v0.0.0-20181203042331-505ab145d0a9/go.mod h1:6SG95UA2DQfeDnfUPMdvaQW0Q7yPrPDi9nlGo2tz2b4=
golang.org/x/sys v0.0.0-20181205085412-a5c9d58dba9a h1:1n5lsVfiQW3yfsRGu98756EH1YthsFqr/5mxHduZW2A=
golang.org/x/sys v0.0.0-20181205085412-a5c9d58dba9a/go.mod h1:STP8DvDyc/dI5b8T5hshtkjS+E42TnysNCUPdjciGhY=
golang.org/x/text v0.3.0 h1:g61tztE5qeGQ89tm6NTjjM9VPIm088od1l6aSorWRWg=
golang.org/x/text v0.3.0/go.mod h1:NqM8EUOU14njkJ3fqMW+pc6Ldnwhi/IjpwHt7yyuwOQ=
gopkg.in/check.v1 v0.0.0-20161208181325-20d25e280405/go.mod h1:Co6ibVJAznAaIkqp8huTwlJQCZ016jof/cbN4VW5Yz0=
gopkg.in/jarcoal/httpmock.v1 v1.0.0-20180615191036-16f9a43967d6/go.mod h1:d3R+NllX3X5e0zlG1Rful3uLvsGC/Q3OHut5464DEQw=
gopkg.in/yaml.v2 v2.2.2 h1:ZCJp+EgiOT7lHqUV2J862kp8Qj64Jo6az82+3Td9dZw=
gopkg.in/yaml.v2 v2.2.2/go.mod h1:hI93XBmqTisBFMUTm0b8Fm+jr3Dg1NNxqwp+5A1VGuI=
